
Microsoft Visual Studio Solution File, Format Version 12.00
# Visual Studio 15
VisualStudioVersion = 15.0.27130.2003
MinimumVisualStudioVersion = 10.0.40219.1
Project("{FAE04EC0-301F-11D3-BF4B-00C04F79EFBC}") = "SendLink", "SendLink\SendLink.csproj", "{79A68C84-9CE5-4910-9493-737B5FB35441}"
EndProject
Project("{2150E333-8FDC-42A3-9474-1A3956D46DE8}") = "Solution Items", "Solution Items", "{53403EDF-5D6B-4258-9615-B797AE01B03F}"
EndProject
Project("{54435603-DBB4-11D2-8724-00A0C9A8B90C}") = "SendLinkInstaller", "SendLinkInstaller\SendLinkInstaller.vdproj", "{FB893D93-0A7C-410E-9ABA-BEC06D2DBAAD}"
EndProject
Global
	GlobalSection(SolutionConfigurationPlatforms) = preSolution
		Debug|Any CPU = Debug|Any CPU
		Debug|x64 = Debug|x64
		Release|Any CPU = Release|Any CPU
		Release|x64 = Release|x64
	EndGlobalSection
	GlobalSection(ProjectConfigurationPlatforms) = postSolution
		{79A68C84-9CE5-4910-9493-737B5FB35441}.Debug|Any CPU.ActiveCfg = Debug|Any CPU
		{79A68C84-9CE5-4910-9493-737B5FB35441}.Debug|Any CPU.Build.0 = Debug|Any CPU
		{79A68C84-9CE5-4910-9493-737B5FB35441}.Debug|x64.ActiveCfg = Debug|x64
		{79A68C84-9CE5-4910-9493-737B5FB35441}.Debug|x64.Build.0 = Debug|x64
		{79A68C84-9CE5-4910-9493-737B5FB35441}.Release|Any CPU.ActiveCfg = Release|Any CPU
		{79A68C84-9CE5-4910-9493-737B5FB35441}.Release|Any CPU.Build.0 = Release|Any CPU
		{79A68C84-9CE5-4910-9493-737B5FB35441}.Release|x64.ActiveCfg = Release|x64
		{79A68C84-9CE5-4910-9493-737B5FB35441}.Release|x64.Build.0 = Release|x64
		{FB893D93-0A7C-410E-9ABA-BEC06D2DBAAD}.Debug|Any CPU.ActiveCfg = Debug
		{FB893D93-0A7C-410E-9ABA-BEC06D2DBAAD}.Debug|x64.ActiveCfg = Debug
		{FB893D93-0A7C-410E-9ABA-BEC06D2DBAAD}.Release|Any CPU.ActiveCfg = Release
		{FB893D93-0A7C-410E-9ABA-BEC06D2DBAAD}.Release|x64.ActiveCfg = Release
	EndGlobalSection
	GlobalSection(SolutionProperties) = preSolution
		HideSolutionNode = FALSE
	EndGlobalSection
	GlobalSection(ExtensibilityGlobals) = postSolution
		SolutionGuid = {12EA7F18-9CFB-4E2C-9726-0F5B6372DC17}
	EndGlobalSection
EndGlobal
